
Microsoft Visual Studio Solution File, Format Version 12.00
# Visual Studio Version 17
VisualStudioVersion = 17.1.32421.90
MinimumVisualStudioVersion = 10.0.40219.1
Project("{FAE04EC0-301F-11D3-BF4B-00C04F79EFBC}") = "Home_task_1_2", "Home_task_1_2.csproj", "{C41FA69C-016B-4C8E-9FBC-9C59F5867A01}"
EndProject
Global
	GlobalSection(SolutionConfigurationPlatforms) = preSolution
		Debug|Any CPU = Debug|Any CPU
		Release|Any CPU = Release|Any CPU
	EndGlobalSection
	GlobalSection(ProjectConfigurationPlatforms) = postSolution
		{C41FA69C-016B-4C8E-9FBC-9C59F5867A01}.Debug|Any CPU.ActiveCfg = Debug|Any CPU
		{C41FA69C-016B-4C8E-9FBC-9C59F5867A01}.Debug|Any CPU.Build.0 = Debug|Any CPU
		{C41FA69C-016B-4C8E-9FBC-9C59F5867A01}.Release|Any CPU.ActiveCfg = Release|Any CPU
		{C41FA69C-016B-4C8E-9FBC-9C59F5867A01}.Release|Any CPU.Build.0 = Release|Any CPU
	EndGlobalSection
	GlobalSection(SolutionProperties) = preSolution
		HideSolutionNode = FALSE
	EndGlobalSection
	GlobalSection(ExtensibilityGlobals) = postSolution
		SolutionGuid = {376A00AF-5441-46A6-975B-3F9E561A1A05}
	EndGlobalSection
EndGlobal
